
Microsoft Visual Studio Solution File, Format Version 12.00
# Visual Studio 15
VisualStudioVersion = 15.0.26403.3
MinimumVisualStudioVersion = 10.0.40219.1
Project("{8BC9CEB8-8B4A-11D0-8D11-00A0C91BC942}") = "Shell", "example1\example1.vcxproj", "{D9D52D01-5309-452B-A5CB-2DACC6F592E6}"
EndProject
Global
	GlobalSection(SolutionConfigurationPlatforms) = preSolution
		Debug|x64 = Debug|x64
		Debug|x86 = Debug|x86
		Release|x64 = Release|x64
		Release|x86 = Release|x86
	EndGlobalSection
	GlobalSection(ProjectConfigurationPlatforms) = postSolution
		{D9D52D01-5309-452B-A5CB-2DACC6F592E6}.Debug|x64.ActiveCfg = Debug|x64
		{D9D52D01-5309-452B-A5CB-2DACC6F592E6}.Debug|x64.Build.0 = Debug|x64
		{D9D52D01-5309-452B-A5CB-2DACC6F592E6}.Debug|x86.ActiveCfg = Debug|Win32
		{D9D52D01-5309-452B-A5CB-2DACC6F592E6}.Debug|x86.Build.0 = Debug|Win32
		{D9D52D01-5309-452B-A5CB-2DACC6F592E6}.Release|x64.ActiveCfg = Release|x64
		{D9D52D01-5309-452B-A5CB-2DACC6F592E6}.Release|x64.Build.0 = Release|x64
		{D9D52D01-5309-452B-A5CB-2DACC6F592E6}.Release|x86.ActiveCfg = Release|Win32
		{D9D52D01-5309-452B-A5CB-2DACC6F592E6}.Release|x86.Build.0 = Release|Win32
	EndGlobalSection
	GlobalSection(SolutionProperties) = preSolution
		HideSolutionNode = FALSE
	EndGlobalSection
	GlobalSection(ExtensibilityGlobals) = postSolution
		SolutionGuid = {226F860F-08CB-493B-AAFF-5BA13CC49752}
	EndGlobalSection
EndGlobal
